
Microsoft Visual Studio Solution File, Format Version 12.00
Project("{FAE04EC0-301F-11D3-BF4B-00C04F79EFBC}") = "Bullish.Api.Client", "Bullish\Bullish.csproj", "{E5D1429D-CC93-4001-9F22-BE58AB6C8FA2}"
EndProject
Project("{FAE04EC0-301F-11D3-BF4B-00C04F79EFBC}") = "Bullish.Tests", "Bullish.Tests\Bullish.Tests.csproj", "{40A2D4F2-D3D0-4528-A1AF-686A40E0ADF2}"
EndProject
Global
	GlobalSection(SolutionConfigurationPlatforms) = preSolution
		Debug|Any CPU = Debug|Any CPU
		Release|Any CPU = Release|Any CPU
	EndGlobalSection
	GlobalSection(ProjectConfigurationPlatforms) = postSolution
		{E5D1429D-CC93-4001-9F22-BE58AB6C8FA2}.Debug|Any CPU.ActiveCfg = Debug|Any CPU
		{E5D1429D-CC93-4001-9F22-BE58AB6C8FA2}.Debug|Any CPU.Build.0 = Debug|Any CPU
		{E5D1429D-CC93-4001-9F22-BE58AB6C8FA2}.Release|Any CPU.ActiveCfg = Release|Any CPU
		{E5D1429D-CC93-4001-9F22-BE58AB6C8FA2}.Release|Any CPU.Build.0 = Release|Any CPU
		{40A2D4F2-D3D0-4528-A1AF-686A40E0ADF2}.Debug|Any CPU.ActiveCfg = Debug|Any CPU
		{40A2D4F2-D3D0-4528-A1AF-686A40E0ADF2}.Debug|Any CPU.Build.0 = Debug|Any CPU
		{40A2D4F2-D3D0-4528-A1AF-686A40E0ADF2}.Release|Any CPU.ActiveCfg = Release|Any CPU
		{40A2D4F2-D3D0-4528-A1AF-686A40E0ADF2}.Release|Any CPU.Build.0 = Release|Any CPU
	EndGlobalSection
EndGlobal
